
Microsoft Visual Studio Solution File, Format Version 12.00
# Visual Studio Version 17
VisualStudioVersion = 17.0.31903.59
MinimumVisualStudioVersion = 10.0.40219.1
Project("{2150E333-8FDC-42A3-9474-1A3956D46DE8}") = "src", "src", "{827E0CD3-B72D-47B6-A68D-7590B98EB39B}"
EndProject
Project("{FAE04EC0-301F-11D3-BF4B-00C04F79EFBC}") = "Cabeleila.Api", "src\Cabeleila.Api\Cabeleila.Api.csproj", "{186618E0-300C-4602-9219-609A8FD82448}"
EndProject
Project("{FAE04EC0-301F-11D3-BF4B-00C04F79EFBC}") = "Cabeleila.Dto", "src\Cabeleila.Dto\Cabeleila.Dto.csproj", "{EABD16FB-F8FC-4CB0-91DE-7EEA3A307736}"
EndProject
Project("{FAE04EC0-301F-11D3-BF4B-00C04F79EFBC}") = "Cabeleila.Dal", "src\Cabeleila.Dal\Cabeleila.Dal.csproj", "{74650B9C-D41B-4D5A-8BCC-507F6C350720}"
EndProject
Project("{FAE04EC0-301F-11D3-BF4B-00C04F79EFBC}") = "Cabeleila.Security", "src\Cabeleila.Security\Cabeleila.Security.csproj", "{D4F4A19D-A037-4B43-9BD6-E50F3579C7E3}"
EndProject
Project("{2150E333-8FDC-42A3-9474-1A3956D46DE8}") = "tools", "tools", "{07C2787E-EAC7-C090-1BA3-A61EC2A24D84}"
EndProject
Project("{FAE04EC0-301F-11D3-BF4B-00C04F79EFBC}") = "Cabeleila.SeedStaff", "tools\Cabeleila.SeedStaff\Cabeleila.SeedStaff.csproj", "{8F3D0C8D-CCF9-4678-890F-0A9C28C68978}"
EndProject
Project("{FAE04EC0-301F-11D3-BF4B-00C04F79EFBC}") = "Cabeleila.MigrationRunner", "tools\Cabeleila.MigrationRunner\Cabeleila.MigrationRunner.csproj", "{FF152B96-69CE-4463-BF6D-18B07EF8D454}"
EndProject
Global
	GlobalSection(SolutionConfigurationPlatforms) = preSolution
		Debug|Any CPU = Debug|Any CPU
		Debug|x64 = Debug|x64
		Debug|x86 = Debug|x86
		Release|Any CPU = Release|Any CPU
		Release|x64 = Release|x64
		Release|x86 = Release|x86
	EndGlobalSection
	GlobalSection(ProjectConfigurationPlatforms) = postSolution
		{186618E0-300C-4602-9219-609A8FD82448}.Debug|Any CPU.ActiveCfg = Debug|Any CPU
		{186618E0-300C-4602-9219-609A8FD82448}.Debug|Any CPU.Build.0 = Debug|Any CPU
		{186618E0-300C-4602-9219-609A8FD82448}.Debug|x64.ActiveCfg = Debug|Any CPU
		{186618E0-300C-4602-9219-609A8FD82448}.Debug|x64.Build.0 = Debug|Any CPU
		{186618E0-300C-4602-9219-609A8FD82448}.Debug|x86.ActiveCfg = Debug|Any CPU
		{186618E0-300C-4602-9219-609A8FD82448}.Debug|x86.Build.0 = Debug|Any CPU
		{186618E0-300C-4602-9219-609A8FD82448}.Release|Any CPU.ActiveCfg = Release|Any CPU
		{186618E0-300C-4602-9219-609A8FD82448}.Release|Any CPU.Build.0 = Release|Any CPU
		{186618E0-300C-4602-9219-609A8FD82448}.Release|x64.ActiveCfg = Release|Any CPU
		{186618E0-300C-4602-9219-609A8FD82448}.Release|x64.Build.0 = Release|Any CPU
		{186618E0-300C-4602-9219-609A8FD82448}.Release|x86.ActiveCfg = Release|Any CPU
		{186618E0-300C-4602-9219-609A8FD82448}.Release|x86.Build.0 = Release|Any CPU
		{EABD16FB-F8FC-4CB0-91DE-7EEA3A307736}.Debug|Any CPU.ActiveCfg = Debug|Any CPU
		{EABD16FB-F8FC-4CB0-91DE-7EEA3A307736}.Debug|Any CPU.Build.0 = Debug|Any CPU
		{EABD16FB-F8FC-4CB0-91DE-7EEA3A307736}.Debug|x64.ActiveCfg = Debug|Any CPU
		{EABD16FB-F8FC-4CB0-91DE-7EEA3A307736}.Debug|x64.Build.0 = Debug|Any CPU
		{EABD16FB-F8FC-4CB0-91DE-7EEA3A307736}.Debug|x86.ActiveCfg = Debug|Any CPU
		{EABD16FB-F8FC-4CB0-91DE-7EEA3A307736}.Debug|x86.Build.0 = Debug|Any CPU
		{EABD16FB-F8FC-4CB0-91DE-7EEA3A307736}.Release|Any CPU.ActiveCfg = Release|Any CPU
		{EABD16FB-F8FC-4CB0-91DE-7EEA3A307736}.Release|Any CPU.Build.0 = Release|Any CPU
		{EABD16FB-F8FC-4CB0-91DE-7EEA3A307736}.Release|x64.ActiveCfg = Release|Any CPU
		{EABD16FB-F8FC-4CB0-91DE-7EEA3A307736}.Release|x64.Build.0 = Release|Any CPU
		{EABD16FB-F8FC-4CB0-91DE-7EEA3A307736}.Release|x86.ActiveCfg = Release|Any CPU
		{EABD16FB-F8FC-4CB0-91DE-7EEA3A307736}.Release|x86.Build.0 = Release|Any CPU
		{74650B9C-D41B-4D5A-8BCC-507F6C350720}.Debug|Any CPU.ActiveCfg = Debug|Any CPU
		{74650B9C-D41B-4D5A-8BCC-507F6C350720}.Debug|Any CPU.Build.0 = Debug|Any CPU
		{74650B9C-D41B-4D5A-8BCC-507F6C350720}.Debug|x64.ActiveCfg = Debug|Any CPU
		{74650B9C-D41B-4D5A-8BCC-507F6C350720}.Debug|x64.Build.0 = Debug|Any CPU
		{74650B9C-D41B-4D5A-8BCC-507F6C350720}.Debug|x86.ActiveCfg = Debug|Any CPU
		{74650B9C-D41B-4D5A-8BCC-507F6C350720}.Debug|x86.Build.0 = Debug|Any CPU
		{74650B9C-D41B-4D5A-8BCC-507F6C350720}.Release|Any CPU.ActiveCfg = Release|Any CPU
		{74650B9C-D41B-4D5A-8BCC-507F6C350720}.Release|Any CPU.Build.0 = Release|Any CPU
		{74650B9C-D41B-4D5A-8BCC-507F6C350720}.Release|x64.ActiveCfg = Release|Any CPU
		{74650B9C-D41B-4D5A-8BCC-507F6C350720}.Release|x64.Build.0 = Release|Any CPU
		{74650B9C-D41B-4D5A-8BCC-507F6C350720}.Release|x86.ActiveCfg = Release|Any CPU
		{74650B9C-D41B-4D5A-8BCC-507F6C350720}.Release|x86.Build.0 = Release|Any CPU
		{D4F4A19D-A037-4B43-9BD6-E50F3579C7E3}.Debug|Any CPU.ActiveCfg = Debug|Any CPU
		{D4F4A19D-A037-4B43-9BD6-E50F3579C7E3}.Debug|Any CPU.Build.0 = Debug|Any CPU
		{D4F4A19D-A037-4B43-9BD6-E50F3579C7E3}.Debug|x64.ActiveCfg = Debug|Any CPU
		{D4F4A19D-A037-4B43-9BD6-E50F3579C7E3}.Debug|x64.Build.0 = Debug|Any CPU
		{D4F4A19D-A037-4B43-9BD6-E50F3579C7E3}.Debug|x86.ActiveCfg = Debug|Any CPU
		{D4F4A19D-A037-4B43-9BD6-E50F3579C7E3}.Debug|x86.Build.0 = Debug|Any CPU
		{D4F4A19D-A037-4B43-9BD6-E50F3579C7E3}.Release|Any CPU.ActiveCfg = Release|Any CPU
		{D4F4A19D-A037-4B43-9BD6-E50F3579C7E3}.Release|Any CPU.Build.0 = Release|Any CPU
		{D4F4A19D-A037-4B43-9BD6-E50F3579C7E3}.Release|x64.ActiveCfg = Release|Any CPU
		{D4F4A19D-A037-4B43-9BD6-E50F3579C7E3}.Release|x64.Build.0 = Release|Any CPU
		{D4F4A19D-A037-4B43-9BD6-E50F3579C7E3}.Release|x86.ActiveCfg = Release|Any CPU
		{D4F4A19D-A037-4B43-9BD6-E50F3579C7E3}.Release|x86.Build.0 = Release|Any CPU
		{8F3D0C8D-CCF9-4678-890F-0A9C28C68978}.Debug|Any CPU.ActiveCfg = Debug|Any CPU
		{8F3D0C8D-CCF9-4678-890F-0A9C28C68978}.Debug|Any CPU.Build.0 = Debug|Any CPU
		{8F3D0C8D-CCF9-4678-890F-0A9C28C68978}.Debug|x64.ActiveCfg = Debug|Any CPU
		{8F3D0C8D-CCF9-4678-890F-0A9C28C68978}.Debug|x64.Build.0 = Debug|Any CPU
		{8F3D0C8D-CCF9-4678-890F-0A9C28C68978}.Debug|x86.ActiveCfg = Debug|Any CPU
		{8F3D0C8D-CCF9-4678-890F-0A9C28C68978}.Debug|x86.Build.0 = Debug|Any CPU
		{8F3D0C8D-CCF9-4678-890F-0A9C28C68978}.Release|Any CPU.ActiveCfg = Release|Any CPU
		{8F3D0C8D-CCF9-4678-890F-0A9C28C68978}.Release|Any CPU.Build.0 = Release|Any CPU
		{8F3D0C8D-CCF9-4678-890F-0A9C28C68978}.Release|x64.ActiveCfg = Release|Any CPU
		{8F3D0C8D-CCF9-4678-890F-0A9C28C68978}.Release|x64.Build.0 = Release|Any CPU
		{8F3D0C8D-CCF9-4678-890F-0A9C28C68978}.Release|x86.ActiveCfg = Release|Any CPU
		{8F3D0C8D-CCF9-4678-890F-0A9C28C68978}.Release|x86.Build.0 = Release|Any CPU
		{FF152B96-69CE-4463-BF6D-18B07EF8D454}.Debug|Any CPU.ActiveCfg = Debug|Any CPU
		{FF152B96-69CE-4463-BF6D-18B07EF8D454}.Debug|Any CPU.Build.0 = Debug|Any CPU
		{FF152B96-69CE-4463-BF6D-18B07EF8D454}.Debug|x64.ActiveCfg = Debug|Any CPU
		{FF152B96-69CE-4463-BF6D-18B07EF8D454}.Debug|x64.Build.0 = Debug|Any CPU
		{FF152B96-69CE-4463-BF6D-18B07EF8D454}.Debug|x86.ActiveCfg = Debug|Any CPU
		{FF152B96-69CE-4463-BF6D-18B07EF8D454}.Debug|x86.Build.0 = Debug|Any CPU
		{FF152B96-69CE-4463-BF6D-18B07EF8D454}.Release|Any CPU.ActiveCfg = Release|Any CPU
		{FF152B96-69CE-4463-BF6D-18B07EF8D454}.Release|Any CPU.Build.0 = Release|Any CPU
		{FF152B96-69CE-4463-BF6D-18B07EF8D454}.Release|x64.ActiveCfg = Release|Any CPU
		{FF152B96-69CE-4463-BF6D-18B07EF8D454}.Release|x64.Build.0 = Release|Any CPU
		{FF152B96-69CE-4463-BF6D-18B07EF8D454}.Release|x86.ActiveCfg = Release|Any CPU
		{FF152B96-69CE-4463-BF6D-18B07EF8D454}.Release|x86.Build.0 = Release|Any CPU
	EndGlobalSection
	GlobalSection(SolutionProperties) = preSolution
		HideSolutionNode = FALSE
	EndGlobalSection
	GlobalSection(NestedProjects) = preSolution
		{186618E0-300C-4602-9219-609A8FD82448} = {827E0CD3-B72D-47B6-A68D-7590B98EB39B}
		{EABD16FB-F8FC-4CB0-91DE-7EEA3A307736} = {827E0CD3-B72D-47B6-A68D-7590B98EB39B}
		{74650B9C-D41B-4D5A-8BCC-507F6C350720} = {827E0CD3-B72D-47B6-A68D-7590B98EB39B}
		{D4F4A19D-A037-4B43-9BD6-E50F3579C7E3} = {827E0CD3-B72D-47B6-A68D-7590B98EB39B}
		{8F3D0C8D-CCF9-4678-890F-0A9C28C68978} = {07C2787E-EAC7-C090-1BA3-A61EC2A24D84}
		{FF152B96-69CE-4463-BF6D-18B07EF8D454} = {07C2787E-EAC7-C090-1BA3-A61EC2A24D84}
	EndGlobalSection
EndGlobal
